// !$*UTF8*$!
{
	archiveVersion = 1;
	classes = {
	};
	objectVersion = 48;
	objects = {

/* Begin PBXBuildFile section */
		D909AA36206B5DC800DC4561 /* AppDelegate.m in Sources */ = {isa = PBXBuildFile; fileRef = D909AA35206B5DC800DC4561 /* AppDelegate.m */; };
		D909AA39206B5DC800DC4561 /* ViewController.m in Sources */ = {isa = PBXBuildFile; fileRef = D909AA38206B5DC800DC4561 /* ViewController.m */; };
		D909AA3C206B5DC800DC4561 /* Main.storyboard in Resources */ = {isa = PBXBuildFile; fileRef = D909AA3A206B5DC800DC4561 /* Main.storyboard */; };
		D909AA3E206B5DC800DC4561 /* Assets.xcassets in Resources */ = {isa = PBXBuildFile; fileRef = D909AA3D206B5DC800DC4561 /* Assets.xcassets */; };
		D909AA41206B5DC800DC4561 /* LaunchScreen.storyboard in Resources */ = {isa = PBXBuildFile; fileRef = D909AA3F206B5DC800DC4561 /* LaunchScreen.storyboard */; };
		D909AA44206B5DC800DC4561 /* main.m in Sources */ = {isa = PBXBuildFile; fileRef = D909AA43206B5DC800DC4561 /* main.m */; };
		D909AA4E206B5DC800DC4561 /* ipaProjectTests.m in Sources */ = {isa = PBXBuildFile; fileRef = D909AA4D206B5DC800DC4561 /* ipaProjectTests.m */; };
		D909AA59206B5DC800DC4561 /* ipaProjectUITests.m in Sources */ = {isa = PBXBuildFile; fileRef = D909AA58206B5DC800DC4561 /* ipaProjectUITests.m */; };
/* End PBXBuildFile section */

/* Begin PBXContainerItemProxy section */
		D909AA4A206B5DC800DC4561 /* PBXContainerItemProxy */ = {
			isa = PBXContainerItemProxy;
			containerPortal = D909AA29206B5DC800DC4561 /* Project object */;
			proxyType = 1;
			remoteGlobalIDString = D909AA30206B5DC800DC4561;
			remoteInfo = ipaProject;
		};
		D909AA55206B5DC800DC4561 /* PBXContainerItemProxy */ = {
			isa = PBXContainerItemProxy;
			containerPortal = D909AA29206B5DC800DC4561 /* Project object */;
			proxyType = 1;
			remoteGlobalIDString = D909AA30206B5DC800DC4561;
			remoteInfo = ipaProject;
		};
/* End PBXContainerItemProxy section */

/* Begin PBXFileReference section */
		D909AA31206B5DC800DC4561 /* ipaProject.app */ = {isa = PBXFileReference; explicitFileType = wrapper.application; includeInIndex = 0; path = ipaProject.app; sourceTree = BUILT_PRODUCTS_DIR; };
		D909AA34206B5DC800DC4561 /* AppDelegate.h */ = {isa = PBXFileReference; lastKnownFileType = sourcecode.c.h; path = AppDelegate.h; sourceTree = "<group>"; };
		D909AA35206B5DC800DC4561 /* AppDelegate.m */ = {isa = PBXFileReference; lastKnownFileType = sourcecode.c.objc; path = AppDelegate.m; sourceTree = "<group>"; };
		D909AA37206B5DC800DC4561 /* ViewController.h */ = {isa = PBXFileReference; lastKnownFileType = sourcecode.c.h; path = ViewController.h; sourceTree = "<group>"; };
		D909AA38206B5DC800DC4561 /* ViewController.m */ = {isa = PBXFileReference; lastKnownFileType = sourcecode.c.objc; path = ViewController.m; sourceTree = "<group>"; };
		D909AA3B206B5DC800DC4561 /* Base */ = {isa = PBXFileReference; lastKnownFileType = file.storyboard; name = Base; path = Base.lproj/Main.storyboard; sourceTree = "<group>"; };
		D909AA3D206B5DC800DC4561 /* Assets.xcassets */ = {isa = PBXFileReference; lastKnownFileType = folder.assetcatalog; path = Assets.xcassets; sourceTree = "<group>"; };
		D909AA40206B5DC800DC4561 /* Base */ = {isa = PBXFileReference; lastKnownFileType = file.storyboard; name = Base; path = Base.lproj/LaunchScreen.storyboard; sourceTree = "<group>"; };
		D909AA42206B5DC800DC4561 /* Info.plist */ = {isa = PBXFileReference; lastKnownFileType = text.plist.xml; path = Info.plist; sourceTree = "<group>"; };
		D909AA43206B5DC800DC4561 /* main.m */ = {isa = PBXFileReference; lastKnownFileType = sourcecode.c.objc; path = main.m; sourceTree = "<group>"; };
		D909AA49206B5DC800DC4561 /* ipaProjectTests.xctest */ = {isa = PBXFileReference; explicitFileType = wrapper.cfbundle; includeInIndex = 0; path = ipaProjectTests.xctest; sourceTree = BUILT_PRODUCTS_DIR; };
		D909AA4D206B5DC800DC4561 /* ipaProjectTests.m */ = {isa = PBXFileReference; lastKnownFileType = sourcecode.c.objc; path = ipaProjectTests.m; sourceTree = "<group>"; };
		D909AA4F206B5DC800DC4561 /* Info.plist */ = {isa = PBXFileReference; lastKnownFileType = text.plist.xml; path = Info.plist; sourceTree = "<group>"; };
		D909AA54206B5DC800DC4561 /* ipaProjectUITests.xctest */ = {isa = PBXFileReference; explicitFileType = wrapper.cfbundle; includeInIndex = 0; path = ipaProjectUITests.xctest; sourceTree = BUILT_PRODUCTS_DIR; };
		D909AA58206B5DC800DC4561 /* ipaProjectUITests.m */ = {isa = PBXFileReference; lastKnownFileType = sourcecode.c.objc; path = ipaProjectUITests.m; sourceTree = "<group>"; };
		D909AA5A206B5DC800DC4561 /* Info.plist */ = {isa = PBXFileReference; lastKnownFileType = text.plist.xml; path = Info.plist; sourceTree = "<group>"; };
/* End PBXFileReference section */

/* Begin PBXFrameworksBuildPhase section */
		D909AA2E206B5DC800DC4561 /* Frameworks */ = {
			isa = PBXFrameworksBuildPhase;
			buildActionMask = 2147483647;
			files = (
			);
			runOnlyForDeploymentPostprocessing = 0;
		};
		D909AA46206B5DC800DC4561 /* Frameworks */ = {
			isa = PBXFrameworksBuildPhase;
			buildActionMask = 2147483647;
			files = (
			);
			runOnlyForDeploymentPostprocessing = 0;
		};
		D909AA51206B5DC800DC4561 /* Frameworks */ = {
			isa = PBXFrameworksBuildPhase;
			buildActionMask = 2147483647;
			files = (
			);
			runOnlyForDeploymentPostprocessing = 0;
		};
/* End PBXFrameworksBuildPhase section */

/* Begin PBXGroup section */
		D909AA28206B5DC800DC4561 = {
			isa = PBXGroup;
			children = (
				D909AA33206B5DC800DC4561 /* ipaProject */,
				D909AA4C206B5DC800DC4561 /* ipaProjectTests */,
				D909AA57206B5DC800DC4561 /* ipaProjectUITests */,
				D909AA32206B5DC800DC4561 /* Products */,
			);
			sourceTree = "<group>";
		};
		D909AA32206B5DC800DC4561 /* Products */ = {
			isa = PBXGroup;
			children = (
				D909AA31206B5DC800DC4561 /* ipaProject.app */,
				D909AA49206B5DC800DC4561 /* ipaProjectTests.xctest */,
				D909AA54206B5DC800DC4561 /* ipaProjectUITests.xctest */,
			);
			name = Products;
			sourceTree = "<group>";
		};
		D909AA33206B5DC800DC4561 /* ipaProject */ = {
			isa = PBXGroup;
			children = (
				D909AA34206B5DC800DC4561 /* AppDelegate.h */,
				D909AA35206B5DC800DC4561 /* AppDelegate.m */,
				D909AA37206B5DC800DC4561 /* ViewController.h */,
				D909AA38206B5DC800DC4561 /* ViewController.m */,
				D909AA3A206B5DC800DC4561 /* Main.storyboard */,
				D909AA3D206B5DC800DC4561 /* Assets.xcassets */,
				D909AA3F206B5DC800DC4561 /* LaunchScreen.storyboard */,
				D909AA42206B5DC800DC4561 /* Info.plist */,
				D909AA43206B5DC800DC4561 /* main.m */,
			);
			path = ipaProject;
			sourceTree = "<group>";
		};
		D909AA4C206B5DC800DC4561 /* ipaProjectTests */ = {
			isa = PBXGroup;
			children = (
				D909AA4D206B5DC800DC4561 /* ipaProjectTests.m */,
				D909AA4F206B5DC800DC4561 /* Info.plist */,
			);
			path = ipaProjectTests;
			sourceTree = "<group>";
		};
		D909AA57206B5DC800DC4561 /* ipaProjectUITests */ = {
			isa = PBXGroup;
			children = (
				D909AA58206B5DC800DC4561 /* ipaProjectUITests.m */,
				D909AA5A206B5DC800DC4561 /* Info.plist */,
			);
			path = ipaProjectUITests;
			sourceTree = "<group>";
		};
/* End PBXGroup section */

/* Begin PBXNativeTarget section */
		D909AA30206B5DC800DC4561 /* ipaProject */ = {
			isa = PBXNativeTarget;
			buildConfigurationList = D909AA5D206B5DC800DC4561 /* Build configuration list for PBXNativeTarget "ipaProject" */;
			buildPhases = (
				D909AA2D206B5DC800DC4561 /* Sources */,
				D909AA2E206B5DC800DC4561 /* Frameworks */,
				D909AA2F206B5DC800DC4561 /* Resources */,
			);
			buildRules = (
			);
			dependencies = (
			);
			name = ipaProject;
			productName = ipaProject;
			productReference = D909AA31206B5DC800DC4561 /* ipaProject.app */;
			productType = "com.apple.product-type.application";
		};
		D909AA48206B5DC800DC4561 /* ipaProjectTests */ = {
			isa = PBXNativeTarget;
			buildConfigurationList = D909AA60206B5DC800DC4561 /* Build configuration list for PBXNativeTarget "ipaProjectTests" */;
			buildPhases = (
				D909AA45206B5DC800DC4561 /* Sources */,
				D909AA46206B5DC800DC4561 /* Frameworks */,
				D909AA47206B5DC800DC4561 /* Resources */,
			);
			buildRules = (
			);
			dependencies = (
				D909AA4B206B5DC800DC4561 /* PBXTargetDependency */,
			);
			name = ipaProjectTests;
			productName = ipaProjectTests;
			productReference = D909AA49206B5DC800DC4561 /* ipaProjectTests.xctest */;
			productType = "com.apple.product-type.bundle.unit-test";
		};
		D909AA53206B5DC800DC4561 /* ipaProjectUITests */ = {
			isa = PBXNativeTarget;
			buildConfigurationList = D909AA63206B5DC800DC4561 /* Build configuration list for PBXNativeTarget "ipaProjectUITests" */;
			buildPhases = (
				D909AA50206B5DC800DC4561 /* Sources */,
				D909AA51206B5DC800DC4561 /* Frameworks */,
				D909AA52206B5DC800DC4561 /* Resources */,
			);
			buildRules = (
			);
			dependencies = (
				D909AA56206B5DC800DC4561 /* PBXTargetDependency */,
			);
			name = ipaProjectUITests;
			productName = ipaProjectUITests;
			productReference = D909AA54206B5DC800DC4561 /* ipaProjectUITests.xctest */;
			productType = "com.apple.product-type.bundle.ui-testing";
		};
/* End PBXNativeTarget section */

/* Begin PBXProject section */
		D909AA29206B5DC800DC4561 /* Project object */ = {
			isa = PBXProject;
			attributes = {
				LastUpgradeCheck = 0900;
				ORGANIZATIONNAME = anchen;
				TargetAttributes = {
					D909AA30206B5DC800DC4561 = {
						CreatedOnToolsVersion = 9.0.1;
						ProvisioningStyle = Automatic;
					};
					D909AA48206B5DC800DC4561 = {
						CreatedOnToolsVersion = 9.0.1;
						ProvisioningStyle = Automatic;
						TestTargetID = D909AA30206B5DC800DC4561;
					};
					D909AA53206B5DC800DC4561 = {
						CreatedOnToolsVersion = 9.0.1;
						ProvisioningStyle = Automatic;
						TestTargetID = D909AA30206B5DC800DC4561;
					};
				};
			};
			buildConfigurationList = D909AA2C206B5DC800DC4561 /* Build configuration list for PBXProject "ipaProject" */;
			compatibilityVersion = "Xcode 8.0";
			developmentRegion = en;
			hasScannedForEncodings = 0;
			knownRegions = (
				en,
				Base,
			);
			mainGroup = D909AA28206B5DC800DC4561;
			productRefGroup = D909AA32206B5DC800DC4561 /* Products */;
			projectDirPath = "";
			projectRoot = "";
			targets = (
				D909AA30206B5DC800DC4561 /* ipaProject */,
				D909AA48206B5DC800DC4561 /* ipaProjectTests */,
				D909AA53206B5DC800DC4561 /* ipaProjectUITests */,
			);
		};
/* End PBXProject section */

/* Begin PBXResourcesBuildPhase section */
		D909AA2F206B5DC800DC4561 /* Resources */ = {
			isa = PBXResourcesBuildPhase;
			buildActionMask = 2147483647;
			files = (
				D909AA41206B5DC800DC4561 /* LaunchScreen.storyboard in Resources */,
				D909AA3E206B5DC800DC4561 /* Assets.xcassets in Resources */,
				D909AA3C206B5DC800DC4561 /* Main.storyboard in Resources */,
			);
			runOnlyForDeploymentPostprocessing = 0;
		};
		D909AA47206B5DC800DC4561 /* Resources */ = {
			isa = PBXResourcesBuildPhase;
			buildActionMask = 2147483647;
			files = (
			);
			runOnlyForDeploymentPostprocessing = 0;
		};
		D909AA52206B5DC800DC4561 /* Resources */ = {
			isa = PBXResourcesBuildPhase;
			buildActionMask = 2147483647;
			files = (
			);
			runOnlyForDeploymentPostprocessing = 0;
		};
/* End PBXResourcesBuildPhase section */

/* Begin PBXSourcesBuildPhase section */
		D909AA2D206B5DC800DC4561 /* Sources */ = {
			isa = PBXSourcesBuildPhase;
			buildActionMask = 2147483647;
			files = (
				D909AA39206B5DC800DC4561 /* ViewController.m in Sources */,
				D909AA44206B5DC800DC4561 /* main.m in Sources */,
				D909AA36206B5DC800DC4561 /* AppDelegate.m in Sources */,
			);
			runOnlyForDeploymentPostprocessing = 0;
		};
		D909AA45206B5DC800DC4561 /* Sources */ = {
			isa = PBXSourcesBuildPhase;
			buildActionMask = 2147483647;
			files = (
				D909AA4E206B5DC800DC4561 /* ipaProjectTests.m in Sources */,
			);
			runOnlyForDeploymentPostprocessing = 0;
		};
		D909AA50206B5DC800DC4561 /* Sources */ = {
			isa = PBXSourcesBuildPhase;
			buildActionMask = 2147483647;
			files = (
				D909AA59206B5DC800DC4561 /* ipaProjectUITests.m in Sources */,
			);
			runOnlyForDeploymentPostprocessing = 0;
		};
/* End PBXSourcesBuildPhase section */

/* Begin PBXTargetDependency section */
		D909AA4B206B5DC800DC4561 /* PBXTargetDependency */ = {
			isa = PBXTargetDependency;
			target = D909AA30206B5DC800DC4561 /* ipaProject */;
			targetProxy = D909AA4A206B5DC800DC4561 /* PBXContainerItemProxy */;
		};
		D909AA56206B5DC800DC4561 /* PBXTargetDependency */ = {
			isa = PBXTargetDependency;
			target = D909AA30206B5DC800DC4561 /* ipaProject */;
			targetProxy = D909AA55206B5DC800DC4561 /* PBXContainerItemProxy */;
		};
/* End PBXTargetDependency section */

/* Begin PBXVariantGroup section */
		D909AA3A206B5DC800DC4561 /* Main.storyboard */ = {
			isa = PBXVariantGroup;
			children = (
				D909AA3B206B5DC800DC4561 /* Base */,
			);
			name = Main.storyboard;
			sourceTree = "<group>";
		};
		D909AA3F206B5DC800DC4561 /* LaunchScreen.storyboard */ = {
			isa = PBXVariantGroup;
			children = (
				D909AA40206B5DC800DC4561 /* Base */,
			);
			name = LaunchScreen.storyboard;
			sourceTree = "<group>";
		};
/* End PBXVariantGroup section */

/* Begin XCBuildConfiguration section */
		D909AA5B206B5DC800DC4561 /* Debug */ = {
			isa = XCBuildConfiguration;
			buildSettings = {
				ALWAYS_SEARCH_USER_PATHS = NO;
				CLANG_ANALYZER_NONNULL = YES;
				CLANG_ANALYZER_NUMBER_OBJECT_CONVERSION = YES_AGGRESSIVE;
				CLANG_CXX_LANGUAGE_STANDARD = "gnu++14";
				CLANG_CXX_LIBRARY = "libc++";
				CLANG_ENABLE_MODULES = YES;
				CLANG_ENABLE_OBJC_ARC = YES;
				CLANG_WARN_BLOCK_CAPTURE_AUTORELEASING = YES;
				CLANG_WARN_BOOL_CONVERSION = YES;
				CLANG_WARN_COMMA = YES;
				CLANG_WARN_CONSTANT_CONVERSION = YES;
				CLANG_WARN_DIRECT_OBJC_ISA_USAGE = YES_ERROR;
				CLANG_WARN_DOCUMENTATION_COMMENTS = YES;
				CLANG_WARN_EMPTY_BODY = YES;
				CLANG_WARN_ENUM_CONVERSION = YES;
				CLANG_WARN_INFINITE_RECURSION = YES;
				CLANG_WARN_INT_CONVERSION = YES;
				CLANG_WARN_NON_LITERAL_NULL_CONVERSION = YES;
				CLANG_WARN_OBJC_LITERAL_CONVERSION = YES;
				CLANG_WARN_OBJC_ROOT_CLASS = YES_ERROR;
				CLANG_WARN_RANGE_LOOP_ANALYSIS = YES;
				CLANG_WARN_STRICT_PROTOTYPES = YES;
				CLANG_WARN_SUSPICIOUS_MOVE = YES;
				CLANG_WARN_UNGUARDED_AVAILABILITY = YES_AGGRESSIVE;
				CLANG_WARN_UNREACHABLE_CODE = YES;
				CLANG_WARN__DUPLICATE_METHOD_MATCH = YES;
				CODE_SIGN_IDENTITY = "iPhone Developer";
				COPY_PHASE_STRIP = NO;
				DEBUG_INFORMATION_FORMAT = dwarf;
				ENABLE_STRICT_OBJC_MSGSEND = YES;
				ENABLE_TESTABILITY = YES;
				GCC_C_LANGUAGE_STANDARD = gnu11;
				GCC_DYNAMIC_NO_PIC = NO;
				GCC_NO_COMMON_BLOCKS = YES;
				GCC_OPTIMIZATION_LEVEL = 0;
				GCC_PREPROCESSOR_DEFINITIONS = (
					"DEBUG=1",
					"$(inherited)",
				);
				GCC_WARN_64_TO_32_BIT_CONVERSION = YES;
				GCC_WARN_ABOUT_RETURN_TYPE = YES_ERROR;
				GCC_WARN_UNDECLARED_SELECTOR = YES;
				GCC_WARN_UNINITIALIZED_AUTOS = YES_AGGRESSIVE;
				GCC_WARN_UNUSED_FUNCTION = YES;
				GCC_WARN_UNUSED_VARIABLE = YES;
				IPHONEOS_DEPLOYMENT_TARGET = 11.0;
				MTL_ENABLE_DEBUG_INFO = YES;
				ONLY_ACTIVE_ARCH = YES;
				SDKROOT = iphoneos;
			};
			name = Debug;
		};
		D909AA5C206B5DC800DC4561 /* Release */ = {
			isa = XCBuildConfiguration;
			buildSettings = {
				ALWAYS_SEARCH_USER_PATHS = NO;
				CLANG_ANALYZER_NONNULL = YES;
				CLANG_ANALYZER_NUMBER_OBJECT_CONVERSION = YES_AGGRESSIVE;
				CLANG_CXX_LANGUAGE_STANDARD = "gnu++14";
				CLANG_CXX_LIBRARY = "libc++";
				CLANG_ENABLE_MODULES = YES;
				CLANG_ENABLE_OBJC_ARC = YES;
				CLANG_WARN_BLOCK_CAPTURE_AUTORELEASING = YES;
				CLANG_WARN_BOOL_CONVERSION = YES;
				CLANG_WARN_COMMA = YES;
				CLANG_WARN_CONSTANT_CONVERSION = YES;
				CLANG_WARN_DIRECT_OBJC_ISA_USAGE = YES_ERROR;
				CLANG_WARN_DOCUMENTATION_COMMENTS = YES;
				CLANG_WARN_EMPTY_BODY = YES;
				CLANG_WARN_ENUM_CONVERSION = YES;
				CLANG_WARN_INFINITE_RECURSION = YES;
				CLANG_WARN_INT_CONVERSION = YES;
				CLANG_WARN_NON_LITERAL_NULL_CONVERSION = YES;
				CLANG_WARN_OBJC_LITERAL_CONVERSION = YES;
				CLANG_WARN_OBJC_ROOT_CLASS = YES_ERROR;
				CLANG_WARN_RANGE_LOOP_ANALYSIS = YES;
				CLANG_WARN_STRICT_PROTOTYPES = YES;
				CLANG_WARN_SUSPICIOUS_MOVE = YES;
				CLANG_WARN_UNGUARDED_AVAILABILITY = YES_AGGRESSIVE;
				CLANG_WARN_UNREACHABLE_CODE = YES;
				CLANG_WARN__DUPLICATE_METHOD_MATCH = YES;
				CODE_SIGN_IDENTITY = "iPhone Developer";
				COPY_PHASE_STRIP = NO;
				DEBUG_INFORMATION_FORMAT = "dwarf-with-dsym";
				ENABLE_NS_ASSERTIONS = NO;
				ENABLE_STRICT_OBJC_MSGSEND = YES;
				GCC_C_LANGUAGE_STANDARD = gnu11;
				GCC_NO_COMMON_BLOCKS = YES;
				GCC_WARN_64_TO_32_BIT_CONVERSION = YES;
				GCC_WARN_ABOUT_RETURN_TYPE = YES_ERROR;
				GCC_WARN_UNDECLARED_SELECTOR = YES;
				GCC_WARN_UNINITIALIZED_AUTOS = YES_AGGRESSIVE;
				GCC_WARN_UNUSED_FUNCTION = YES;
				GCC_WARN_UNUSED_VARIABLE = YES;
				IPHONEOS_DEPLOYMENT_TARGET = 11.0;
				MTL_ENABLE_DEBUG_INFO = NO;
				SDKROOT = iphoneos;
				VALIDATE_PRODUCT = YES;
			};
			name = Release;
		};
		D909AA5E206B5DC800DC4561 /* Debug */ = {
			isa = XCBuildConfiguration;
			buildSettings = {
				ASSETCATALOG_COMPILER_APPICON_NAME = AppIcon;
				CODE_SIGN_STYLE = Automatic;
				INFOPLIST_FILE = ipaProject/Info.plist;
				IPHONEOS_DEPLOYMENT_TARGET = 9.0;
				LD_RUNPATH_SEARCH_PATHS = "$(inherited) @executable_path/Frameworks";
				PRODUCT_BUNDLE_IDENTIFIER = anchen.ipaProject;
				PRODUCT_NAME = "$(TARGET_NAME)";
				TARGETED_DEVICE_FAMILY = "1,2";
			};
			name = Debug;
		};
		D909AA5F206B5DC800DC4561 /* Release */ = {
			isa = XCBuildConfiguration;
			buildSettings = {
				ASSETCATALOG_COMPILER_APPICON_NAME = AppIcon;
				CODE_SIGN_STYLE = Automatic;
				INFOPLIST_FILE = ipaProject/Info.plist;
				IPHONEOS_DEPLOYMENT_TARGET = 9.0;
				LD_RUNPATH_SEARCH_PATHS = "$(inherited) @executable_path/Frameworks";
				PRODUCT_BUNDLE_IDENTIFIER = anchen.ipaProject;
				PRODUCT_NAME = "$(TARGET_NAME)";
				TARGETED_DEVICE_FAMILY = "1,2";
			};
			name = Release;
		};
		D909AA61206B5DC800DC4561 /* Debug */ = {
			isa = XCBuildConfiguration;
			buildSettings = {
				BUNDLE_LOADER = "$(TEST_HOST)";
				CODE_SIGN_STYLE = Automatic;
				INFOPLIST_FILE = ipaProjectTests/Info.plist;
				LD_RUNPATH_SEARCH_PATHS = "$(inherited) @executable_path/Frameworks @loader_path/Frameworks";
				PRODUCT_BUNDLE_IDENTIFIER = anchen.ipaProjectTests;
				PRODUCT_NAME = "$(TARGET_NAME)";
				TARGETED_DEVICE_FAMILY = "1,2";
				TEST_HOST = "$(BUILT_PRODUCTS_DIR)/ipaProject.app/ipaProject";
			};
			name = Debug;
		};
		D909AA62206B5DC800DC4561 /* Release */ = {
			isa = XCBuildConfiguration;
			buildSettings = {
				BUNDLE_LOADER = "$(TEST_HOST)";
				CODE_SIGN_STYLE = Automatic;
				INFOPLIST_FILE = ipaProjectTests/Info.plist;
				LD_RUNPATH_SEARCH_PATHS = "$(inherited) @executable_path/Frameworks @loader_path/Frameworks";
				PRODUCT_BUNDLE_IDENTIFIER = anchen.ipaProjectTests;
				PRODUCT_NAME = "$(TARGET_NAME)";
				TARGETED_DEVICE_FAMILY = "1,2";
				TEST_HOST = "$(BUILT_PRODUCTS_DIR)/ipaProject.app/ipaProject";
			};
			name = Release;
		};
		D909AA64206B5DC800DC4561 /* Debug */ = {
			isa = XCBuildConfiguration;
			buildSettings = {
				CODE_SIGN_STYLE = Automatic;
				INFOPLIST_FILE = ipaProjectUITests/Info.plist;
				LD_RUNPATH_SEARCH_PATHS = "$(inherited) @executable_path/Frameworks @loader_path/Frameworks";
				PRODUCT_BUNDLE_IDENTIFIER = anchen.ipaProjectUITests;
				PRODUCT_NAME = "$(TARGET_NAME)";
				TARGETED_DEVICE_FAMILY = "1,2";
				TEST_TARGET_NAME = ipaProject;
			};
			name = Debug;
		};
		D909AA65206B5DC800DC4561 /* Release */ = {
			isa = XCBuildConfiguration;
			buildSettings = {
				CODE_SIGN_STYLE = Automatic;
				INFOPLIST_FILE = ipaProjectUITests/Info.plist;
				LD_RUNPATH_SEARCH_PATHS = "$(inherited) @executable_path/Frameworks @loader_path/Frameworks";
				PRODUCT_BUNDLE_IDENTIFIER = anchen.ipaProjectUITests;
				PRODUCT_NAME = "$(TARGET_NAME)";
				TARGETED_DEVICE_FAMILY = "1,2";
				TEST_TARGET_NAME = ipaProject;
			};
			name = Release;
		};
/* End XCBuildConfiguration section */

/* Begin XCConfigurationList section */
		D909AA2C206B5DC800DC4561 /* Build configuration list for PBXProject "ipaProject" */ = {
			isa = XCConfigurationList;
			buildConfigurations = (
				D909AA5B206B5DC800DC4561 /* Debug */,
				D909AA5C206B5DC800DC4561 /* Release */,
			);
			defaultConfigurationIsVisible = 0;
			defaultConfigurationName = Release;
		};
		D909AA5D206B5DC800DC4561 /* Build configuration list for PBXNativeTarget "ipaProject" */ = {
			isa = XCConfigurationList;
			buildConfigurations = (
				D909AA5E206B5DC800DC4561 /* Debug */,
				D909AA5F206B5DC800DC4561 /* Release */,
			);
			defaultConfigurationIsVisible = 0;
			defaultConfigurationName = Release;
		};
		D909AA60206B5DC800DC4561 /* Build configuration list for PBXNativeTarget "ipaProjectTests" */ = {
			isa = XCConfigurationList;
			buildConfigurations = (
				D909AA61206B5DC800DC4561 /* Debug */,
				D909AA62206B5DC800DC4561 /* Release */,
			);
			defaultConfigurationIsVisible = 0;
			defaultConfigurationName = Release;
		};
		D909AA63206B5DC800DC4561 /* Build configuration list for PBXNativeTarget "ipaProjectUITests" */ = {
			isa = XCConfigurationList;
			buildConfigurations = (
				D909AA64206B5DC800DC4561 /* Debug */,
				D909AA65206B5DC800DC4561 /* Release */,
			);
			defaultConfigurationIsVisible = 0;
			defaultConfigurationName = Release;
		};
/* End XCConfigurationList section */
	};
	rootObject = D909AA29206B5DC800DC4561 /* Project object */;
}
